
Microsoft Visual Studio Solution File, Format Version 12.00
# Visual Studio Version 17
VisualStudioVersion = 17.2.32408.312
MinimumVisualStudioVersion = 10.0.40219.1
Project("{9A19103F-16F7-4668-BE54-9A1E7A4F7556}") = "Coords", "Coords\Coords.csproj", "{27340294-5391-44BE-887D-220E88FBEB2B}"
EndProject
Project("{9A19103F-16F7-4668-BE54-9A1E7A4F7556}") = "ManagedApp", "ManagedApp\ManagedApp.csproj", "{B9BFB35A-506A-434C-9A66-433ED8293C69}"
EndProject
Project("{8BC9CEB8-8B4A-11D0-8D11-00A0C91BC942}") = "NativeDesktopApp", "NativeDesktopApp\NativeDesktopApp.vcxproj", "{73CCDBB3-4AC3-46C7-8171-E64939F1D89E}"
EndProject
Project("{C7167F0D-BC9F-4E6E-AFE1-012C56B48DB5}") = "ManagedApp.Package", "ManagedApp.Package\ManagedApp.Package.wapproj", "{59698659-295E-444A-8D15-0529D9A86D43}"
EndProject
Project("{C7167F0D-BC9F-4E6E-AFE1-012C56B48DB5}") = "NativeDesktopApp.Package", "NativeDesktopApp.Package\NativeDesktopApp.Package.wapproj", "{C2569DCC-98F3-4117-A6D5-7C63A3907BE2}"
EndProject
Project("{8BC9CEB8-8B4A-11D0-8D11-00A0C91BC942}") = "WindowsDesktopApp", "WindowsDesktopApp\WindowsDesktopApp.vcxproj", "{A4B326ED-E4A2-4C9C-B14B-01E413C4F98F}"
EndProject
Project("{C7167F0D-BC9F-4E6E-AFE1-012C56B48DB5}") = "Native (Package)", "Native\Native (Package)\Native (Package).wapproj", "{4ED2A045-D043-421B-8043-43C3619263A3}"
EndProject
Project("{8BC9CEB8-8B4A-11D0-8D11-00A0C91BC942}") = "Native", "Native\Native\Native.vcxproj", "{90F452CC-0DE7-4A0B-B60A-16D1DF73A921}"
EndProject
Project("{8BC9CEB8-8B4A-11D0-8D11-00A0C91BC942}") = "CppConsole", "CppConsole\CppConsole.vcxproj", "{0A238BD2-3F30-48C9-BA55-A1E242D91471}"
EndProject
Global
	GlobalSection(SolutionConfigurationPlatforms) = preSolution
		Debug|Any CPU = Debug|Any CPU
		Debug|ARM = Debug|ARM
		Debug|ARM64 = Debug|ARM64
		Debug|x64 = Debug|x64
		Debug|x86 = Debug|x86
		Release|Any CPU = Release|Any CPU
		Release|ARM = Release|ARM
		Release|ARM64 = Release|ARM64
		Release|x64 = Release|x64
		Release|x86 = Release|x86
	EndGlobalSection
	GlobalSection(ProjectConfigurationPlatforms) = postSolution
		{27340294-5391-44BE-887D-220E88FBEB2B}.Debug|Any CPU.ActiveCfg = Debug|Any CPU
		{27340294-5391-44BE-887D-220E88FBEB2B}.Debug|Any CPU.Build.0 = Debug|Any CPU
		{27340294-5391-44BE-887D-220E88FBEB2B}.Debug|ARM.ActiveCfg = Debug|Any CPU
		{27340294-5391-44BE-887D-220E88FBEB2B}.Debug|ARM.Build.0 = Debug|Any CPU
		{27340294-5391-44BE-887D-220E88FBEB2B}.Debug|ARM64.ActiveCfg = Debug|Any CPU
		{27340294-5391-44BE-887D-220E88FBEB2B}.Debug|ARM64.Build.0 = Debug|Any CPU
		{27340294-5391-44BE-887D-220E88FBEB2B}.Debug|x64.ActiveCfg = Debug|Any CPU
		{27340294-5391-44BE-887D-220E88FBEB2B}.Debug|x64.Build.0 = Debug|Any CPU
		{27340294-5391-44BE-887D-220E88FBEB2B}.Debug|x86.ActiveCfg = Debug|Any CPU
		{27340294-5391-44BE-887D-220E88FBEB2B}.Debug|x86.Build.0 = Debug|Any CPU
		{27340294-5391-44BE-887D-220E88FBEB2B}.Release|Any CPU.ActiveCfg = Release|Any CPU
		{27340294-5391-44BE-887D-220E88FBEB2B}.Release|Any CPU.Build.0 = Release|Any CPU
		{27340294-5391-44BE-887D-220E88FBEB2B}.Release|ARM.ActiveCfg = Release|Any CPU
		{27340294-5391-44BE-887D-220E88FBEB2B}.Release|ARM.Build.0 = Release|Any CPU
		{27340294-5391-44BE-887D-220E88FBEB2B}.Release|ARM64.ActiveCfg = Release|Any CPU
		{27340294-5391-44BE-887D-220E88FBEB2B}.Release|ARM64.Build.0 = Release|Any CPU
		{27340294-5391-44BE-887D-220E88FBEB2B}.Release|x64.ActiveCfg = Release|Any CPU
		{27340294-5391-44BE-887D-220E88FBEB2B}.Release|x64.Build.0 = Release|Any CPU
		{27340294-5391-44BE-887D-220E88FBEB2B}.Release|x86.ActiveCfg = Release|Any CPU
		{27340294-5391-44BE-887D-220E88FBEB2B}.Release|x86.Build.0 = Release|Any CPU
		{B9BFB35A-506A-434C-9A66-433ED8293C69}.Debug|Any CPU.ActiveCfg = Debug|Any CPU
		{B9BFB35A-506A-434C-9A66-433ED8293C69}.Debug|Any CPU.Build.0 = Debug|Any CPU
		{B9BFB35A-506A-434C-9A66-433ED8293C69}.Debug|ARM.ActiveCfg = Debug|Any CPU
		{B9BFB35A-506A-434C-9A66-433ED8293C69}.Debug|ARM.Build.0 = Debug|Any CPU
		{B9BFB35A-506A-434C-9A66-433ED8293C69}.Debug|ARM64.ActiveCfg = Debug|Any CPU
		{B9BFB35A-506A-434C-9A66-433ED8293C69}.Debug|ARM64.Build.0 = Debug|Any CPU
		{B9BFB35A-506A-434C-9A66-433ED8293C69}.Debug|x64.ActiveCfg = Debug|Any CPU
		{B9BFB35A-506A-434C-9A66-433ED8293C69}.Debug|x64.Build.0 = Debug|Any CPU
		{B9BFB35A-506A-434C-9A66-433ED8293C69}.Debug|x86.ActiveCfg = Debug|x86
		{B9BFB35A-506A-434C-9A66-433ED8293C69}.Debug|x86.Build.0 = Debug|x86
		{B9BFB35A-506A-434C-9A66-433ED8293C69}.Release|Any CPU.ActiveCfg = Release|Any CPU
		{B9BFB35A-506A-434C-9A66-433ED8293C69}.Release|Any CPU.Build.0 = Release|Any CPU
		{B9BFB35A-506A-434C-9A66-433ED8293C69}.Release|ARM.ActiveCfg = Release|Any CPU
		{B9BFB35A-506A-434C-9A66-433ED8293C69}.Release|ARM.Build.0 = Release|Any CPU
		{B9BFB35A-506A-434C-9A66-433ED8293C69}.Release|ARM64.ActiveCfg = Release|Any CPU
		{B9BFB35A-506A-434C-9A66-433ED8293C69}.Release|ARM64.Build.0 = Release|Any CPU
		{B9BFB35A-506A-434C-9A66-433ED8293C69}.Release|x64.ActiveCfg = Release|Any CPU
		{B9BFB35A-506A-434C-9A66-433ED8293C69}.Release|x64.Build.0 = Release|Any CPU
		{B9BFB35A-506A-434C-9A66-433ED8293C69}.Release|x86.ActiveCfg = Release|Any CPU
		{B9BFB35A-506A-434C-9A66-433ED8293C69}.Release|x86.Build.0 = Release|Any CPU
		{73CCDBB3-4AC3-46C7-8171-E64939F1D89E}.Debug|Any CPU.ActiveCfg = Debug|Win32
		{73CCDBB3-4AC3-46C7-8171-E64939F1D89E}.Debug|ARM.ActiveCfg = Debug|Win32
		{73CCDBB3-4AC3-46C7-8171-E64939F1D89E}.Debug|ARM64.ActiveCfg = Debug|Win32
		{73CCDBB3-4AC3-46C7-8171-E64939F1D89E}.Debug|x64.ActiveCfg = Debug|x64
		{73CCDBB3-4AC3-46C7-8171-E64939F1D89E}.Debug|x64.Build.0 = Debug|x64
		{73CCDBB3-4AC3-46C7-8171-E64939F1D89E}.Debug|x86.ActiveCfg = Debug|Win32
		{73CCDBB3-4AC3-46C7-8171-E64939F1D89E}.Debug|x86.Build.0 = Debug|Win32
		{73CCDBB3-4AC3-46C7-8171-E64939F1D89E}.Release|Any CPU.ActiveCfg = Release|Win32
		{73CCDBB3-4AC3-46C7-8171-E64939F1D89E}.Release|ARM.ActiveCfg = Release|Win32
		{73CCDBB3-4AC3-46C7-8171-E64939F1D89E}.Release|ARM64.ActiveCfg = Release|Win32
		{73CCDBB3-4AC3-46C7-8171-E64939F1D89E}.Release|x64.ActiveCfg = Release|x64
		{73CCDBB3-4AC3-46C7-8171-E64939F1D89E}.Release|x64.Build.0 = Release|x64
		{73CCDBB3-4AC3-46C7-8171-E64939F1D89E}.Release|x86.ActiveCfg = Release|Win32
		{73CCDBB3-4AC3-46C7-8171-E64939F1D89E}.Release|x86.Build.0 = Release|Win32
		{59698659-295E-444A-8D15-0529D9A86D43}.Debug|Any CPU.ActiveCfg = Debug|Any CPU
		{59698659-295E-444A-8D15-0529D9A86D43}.Debug|Any CPU.Build.0 = Debug|Any CPU
		{59698659-295E-444A-8D15-0529D9A86D43}.Debug|Any CPU.Deploy.0 = Debug|Any CPU
		{59698659-295E-444A-8D15-0529D9A86D43}.Debug|ARM.ActiveCfg = Debug|ARM
		{59698659-295E-444A-8D15-0529D9A86D43}.Debug|ARM.Build.0 = Debug|ARM
		{59698659-295E-444A-8D15-0529D9A86D43}.Debug|ARM.Deploy.0 = Debug|ARM
		{59698659-295E-444A-8D15-0529D9A86D43}.Debug|ARM64.ActiveCfg = Debug|ARM64
		{59698659-295E-444A-8D15-0529D9A86D43}.Debug|ARM64.Build.0 = Debug|ARM64
		{59698659-295E-444A-8D15-0529D9A86D43}.Debug|ARM64.Deploy.0 = Debug|ARM64
		{59698659-295E-444A-8D15-0529D9A86D43}.Debug|x64.ActiveCfg = Debug|x64
		{59698659-295E-444A-8D15-0529D9A86D43}.Debug|x64.Build.0 = Debug|x64
		{59698659-295E-444A-8D15-0529D9A86D43}.Debug|x64.Deploy.0 = Debug|x64
		{59698659-295E-444A-8D15-0529D9A86D43}.Debug|x86.ActiveCfg = Debug|x86
		{59698659-295E-444A-8D15-0529D9A86D43}.Debug|x86.Build.0 = Debug|x86
		{59698659-295E-444A-8D15-0529D9A86D43}.Debug|x86.Deploy.0 = Debug|x86
		{59698659-295E-444A-8D15-0529D9A86D43}.Release|Any CPU.ActiveCfg = Release|Any CPU
		{59698659-295E-444A-8D15-0529D9A86D43}.Release|Any CPU.Build.0 = Release|Any CPU
		{59698659-295E-444A-8D15-0529D9A86D43}.Release|Any CPU.Deploy.0 = Release|Any CPU
		{59698659-295E-444A-8D15-0529D9A86D43}.Release|ARM.ActiveCfg = Release|ARM
		{59698659-295E-444A-8D15-0529D9A86D43}.Release|ARM.Build.0 = Release|ARM
		{59698659-295E-444A-8D15-0529D9A86D43}.Release|ARM.Deploy.0 = Release|ARM
		{59698659-295E-444A-8D15-0529D9A86D43}.Release|ARM64.ActiveCfg = Release|ARM64
		{59698659-295E-444A-8D15-0529D9A86D43}.Release|ARM64.Build.0 = Release|ARM64
		{59698659-295E-444A-8D15-0529D9A86D43}.Release|ARM64.Deploy.0 = Release|ARM64
		{59698659-295E-444A-8D15-0529D9A86D43}.Release|x64.ActiveCfg = Release|x64
		{59698659-295E-444A-8D15-0529D9A86D43}.Release|x64.Build.0 = Release|x64
		{59698659-295E-444A-8D15-0529D9A86D43}.Release|x64.Deploy.0 = Release|x64
		{59698659-295E-444A-8D15-0529D9A86D43}.Release|x86.ActiveCfg = Release|x86
		{59698659-295E-444A-8D15-0529D9A86D43}.Release|x86.Build.0 = Release|x86
		{59698659-295E-444A-8D15-0529D9A86D43}.Release|x86.Deploy.0 = Release|x86
		{C2569DCC-98F3-4117-A6D5-7C63A3907BE2}.Debug|Any CPU.ActiveCfg = Debug|Any CPU
		{C2569DCC-98F3-4117-A6D5-7C63A3907BE2}.Debug|Any CPU.Build.0 = Debug|Any CPU
		{C2569DCC-98F3-4117-A6D5-7C63A3907BE2}.Debug|Any CPU.Deploy.0 = Debug|Any CPU
		{C2569DCC-98F3-4117-A6D5-7C63A3907BE2}.Debug|ARM.ActiveCfg = Debug|ARM
		{C2569DCC-98F3-4117-A6D5-7C63A3907BE2}.Debug|ARM.Build.0 = Debug|ARM
		{C2569DCC-98F3-4117-A6D5-7C63A3907BE2}.Debug|ARM.Deploy.0 = Debug|ARM
		{C2569DCC-98F3-4117-A6D5-7C63A3907BE2}.Debug|ARM64.ActiveCfg = Debug|ARM64
		{C2569DCC-98F3-4117-A6D5-7C63A3907BE2}.Debug|ARM64.Build.0 = Debug|ARM64
		{C2569DCC-98F3-4117-A6D5-7C63A3907BE2}.Debug|ARM64.Deploy.0 = Debug|ARM64
		{C2569DCC-98F3-4117-A6D5-7C63A3907BE2}.Debug|x64.ActiveCfg = Debug|x64
		{C2569DCC-98F3-4117-A6D5-7C63A3907BE2}.Debug|x64.Build.0 = Debug|x64
		{C2569DCC-98F3-4117-A6D5-7C63A3907BE2}.Debug|x64.Deploy.0 = Debug|x64
		{C2569DCC-98F3-4117-A6D5-7C63A3907BE2}.Debug|x86.ActiveCfg = Debug|x86
		{C2569DCC-98F3-4117-A6D5-7C63A3907BE2}.Debug|x86.Build.0 = Debug|x86
		{C2569DCC-98F3-4117-A6D5-7C63A3907BE2}.Debug|x86.Deploy.0 = Debug|x86
		{C2569DCC-98F3-4117-A6D5-7C63A3907BE2}.Release|Any CPU.ActiveCfg = Release|Any CPU
		{C2569DCC-98F3-4117-A6D5-7C63A3907BE2}.Release|Any CPU.Build.0 = Release|Any CPU
		{C2569DCC-98F3-4117-A6D5-7C63A3907BE2}.Release|Any CPU.Deploy.0 = Release|Any CPU
		{C2569DCC-98F3-4117-A6D5-7C63A3907BE2}.Release|ARM.ActiveCfg = Release|ARM
		{C2569DCC-98F3-4117-A6D5-7C63A3907BE2}.Release|ARM.Build.0 = Release|ARM
		{C2569DCC-98F3-4117-A6D5-7C63A3907BE2}.Release|ARM.Deploy.0 = Release|ARM
		{C2569DCC-98F3-4117-A6D5-7C63A3907BE2}.Release|ARM64.ActiveCfg = Release|ARM64
		{C2569DCC-98F3-4117-A6D5-7C63A3907BE2}.Release|ARM64.Build.0 = Release|ARM64
		{C2569DCC-98F3-4117-A6D5-7C63A3907BE2}.Release|ARM64.Deploy.0 = Release|ARM64
		{C2569DCC-98F3-4117-A6D5-7C63A3907BE2}.Release|x64.ActiveCfg = Release|x64
		{C2569DCC-98F3-4117-A6D5-7C63A3907BE2}.Release|x64.Build.0 = Release|x64
		{C2569DCC-98F3-4117-A6D5-7C63A3907BE2}.Release|x64.Deploy.0 = Release|x64
		{C2569DCC-98F3-4117-A6D5-7C63A3907BE2}.Release|x86.ActiveCfg = Release|x86
		{C2569DCC-98F3-4117-A6D5-7C63A3907BE2}.Release|x86.Build.0 = Release|x86
		{C2569DCC-98F3-4117-A6D5-7C63A3907BE2}.Release|x86.Deploy.0 = Release|x86
		{A4B326ED-E4A2-4C9C-B14B-01E413C4F98F}.Debug|Any CPU.ActiveCfg = Debug|x64
		{A4B326ED-E4A2-4C9C-B14B-01E413C4F98F}.Debug|Any CPU.Build.0 = Debug|x64
		{A4B326ED-E4A2-4C9C-B14B-01E413C4F98F}.Debug|ARM.ActiveCfg = Debug|x64
		{A4B326ED-E4A2-4C9C-B14B-01E413C4F98F}.Debug|ARM.Build.0 = Debug|x64
		{A4B326ED-E4A2-4C9C-B14B-01E413C4F98F}.Debug|ARM64.ActiveCfg = Debug|x64
		{A4B326ED-E4A2-4C9C-B14B-01E413C4F98F}.Debug|ARM64.Build.0 = Debug|x64
		{A4B326ED-E4A2-4C9C-B14B-01E413C4F98F}.Debug|x64.ActiveCfg = Debug|x64
		{A4B326ED-E4A2-4C9C-B14B-01E413C4F98F}.Debug|x64.Build.0 = Debug|x64
		{A4B326ED-E4A2-4C9C-B14B-01E413C4F98F}.Debug|x86.ActiveCfg = Debug|Win32
		{A4B326ED-E4A2-4C9C-B14B-01E413C4F98F}.Debug|x86.Build.0 = Debug|Win32
		{A4B326ED-E4A2-4C9C-B14B-01E413C4F98F}.Release|Any CPU.ActiveCfg = Release|x64
		{A4B326ED-E4A2-4C9C-B14B-01E413C4F98F}.Release|Any CPU.Build.0 = Release|x64
		{A4B326ED-E4A2-4C9C-B14B-01E413C4F98F}.Release|ARM.ActiveCfg = Release|x64
		{A4B326ED-E4A2-4C9C-B14B-01E413C4F98F}.Release|ARM.Build.0 = Release|x64
		{A4B326ED-E4A2-4C9C-B14B-01E413C4F98F}.Release|ARM64.ActiveCfg = Release|x64
		{A4B326ED-E4A2-4C9C-B14B-01E413C4F98F}.Release|ARM64.Build.0 = Release|x64
		{A4B326ED-E4A2-4C9C-B14B-01E413C4F98F}.Release|x64.ActiveCfg = Release|x64
		{A4B326ED-E4A2-4C9C-B14B-01E413C4F98F}.Release|x64.Build.0 = Release|x64
		{A4B326ED-E4A2-4C9C-B14B-01E413C4F98F}.Release|x86.ActiveCfg = Release|Win32
		{A4B326ED-E4A2-4C9C-B14B-01E413C4F98F}.Release|x86.Build.0 = Release|Win32
		{4ED2A045-D043-421B-8043-43C3619263A3}.Debug|Any CPU.ActiveCfg = Debug|x86
		{4ED2A045-D043-421B-8043-43C3619263A3}.Debug|Any CPU.Build.0 = Debug|x86
		{4ED2A045-D043-421B-8043-43C3619263A3}.Debug|Any CPU.Deploy.0 = Debug|x86
		{4ED2A045-D043-421B-8043-43C3619263A3}.Debug|ARM.ActiveCfg = Debug|x64
		{4ED2A045-D043-421B-8043-43C3619263A3}.Debug|ARM.Build.0 = Debug|x64
		{4ED2A045-D043-421B-8043-43C3619263A3}.Debug|ARM.Deploy.0 = Debug|x64
		{4ED2A045-D043-421B-8043-43C3619263A3}.Debug|ARM64.ActiveCfg = Debug|arm64
		{4ED2A045-D043-421B-8043-43C3619263A3}.Debug|ARM64.Build.0 = Debug|arm64
		{4ED2A045-D043-421B-8043-43C3619263A3}.Debug|ARM64.Deploy.0 = Debug|arm64
		{4ED2A045-D043-421B-8043-43C3619263A3}.Debug|x64.ActiveCfg = Debug|x64
		{4ED2A045-D043-421B-8043-43C3619263A3}.Debug|x64.Build.0 = Debug|x64
		{4ED2A045-D043-421B-8043-43C3619263A3}.Debug|x64.Deploy.0 = Debug|x64
		{4ED2A045-D043-421B-8043-43C3619263A3}.Debug|x86.ActiveCfg = Debug|x86
		{4ED2A045-D043-421B-8043-43C3619263A3}.Debug|x86.Build.0 = Debug|x86
		{4ED2A045-D043-421B-8043-43C3619263A3}.Debug|x86.Deploy.0 = Debug|x86
		{4ED2A045-D043-421B-8043-43C3619263A3}.Release|Any CPU.ActiveCfg = Release|x64
		{4ED2A045-D043-421B-8043-43C3619263A3}.Release|Any CPU.Build.0 = Release|x64
		{4ED2A045-D043-421B-8043-43C3619263A3}.Release|Any CPU.Deploy.0 = Release|x64
		{4ED2A045-D043-421B-8043-43C3619263A3}.Release|ARM.ActiveCfg = Release|x64
		{4ED2A045-D043-421B-8043-43C3619263A3}.Release|ARM.Build.0 = Release|x64
		{4ED2A045-D043-421B-8043-43C3619263A3}.Release|ARM.Deploy.0 = Release|x64
		{4ED2A045-D043-421B-8043-43C3619263A3}.Release|ARM64.ActiveCfg = Release|arm64
		{4ED2A045-D043-421B-8043-43C3619263A3}.Release|ARM64.Build.0 = Release|arm64
		{4ED2A045-D043-421B-8043-43C3619263A3}.Release|ARM64.Deploy.0 = Release|arm64
		{4ED2A045-D043-421B-8043-43C3619263A3}.Release|x64.ActiveCfg = Release|x64
		{4ED2A045-D043-421B-8043-43C3619263A3}.Release|x64.Build.0 = Release|x64
		{4ED2A045-D043-421B-8043-43C3619263A3}.Release|x64.Deploy.0 = Release|x64
		{4ED2A045-D043-421B-8043-43C3619263A3}.Release|x86.ActiveCfg = Release|x86
		{4ED2A045-D043-421B-8043-43C3619263A3}.Release|x86.Build.0 = Release|x86
		{4ED2A045-D043-421B-8043-43C3619263A3}.Release|x86.Deploy.0 = Release|x86
		{90F452CC-0DE7-4A0B-B60A-16D1DF73A921}.Debug|Any CPU.ActiveCfg = Debug|Win32
		{90F452CC-0DE7-4A0B-B60A-16D1DF73A921}.Debug|Any CPU.Build.0 = Debug|Win32
		{90F452CC-0DE7-4A0B-B60A-16D1DF73A921}.Debug|ARM.ActiveCfg = Debug|x64
		{90F452CC-0DE7-4A0B-B60A-16D1DF73A921}.Debug|ARM.Build.0 = Debug|x64
		{90F452CC-0DE7-4A0B-B60A-16D1DF73A921}.Debug|ARM64.ActiveCfg = Debug|arm64
		{90F452CC-0DE7-4A0B-B60A-16D1DF73A921}.Debug|ARM64.Build.0 = Debug|arm64
		{90F452CC-0DE7-4A0B-B60A-16D1DF73A921}.Debug|x64.ActiveCfg = Debug|x64
		{90F452CC-0DE7-4A0B-B60A-16D1DF73A921}.Debug|x64.Build.0 = Debug|x64
		{90F452CC-0DE7-4A0B-B60A-16D1DF73A921}.Debug|x86.ActiveCfg = Debug|Win32
		{90F452CC-0DE7-4A0B-B60A-16D1DF73A921}.Debug|x86.Build.0 = Debug|Win32
		{90F452CC-0DE7-4A0B-B60A-16D1DF73A921}.Release|Any CPU.ActiveCfg = Release|x64
		{90F452CC-0DE7-4A0B-B60A-16D1DF73A921}.Release|Any CPU.Build.0 = Release|x64
		{90F452CC-0DE7-4A0B-B60A-16D1DF73A921}.Release|ARM.ActiveCfg = Release|x64
		{90F452CC-0DE7-4A0B-B60A-16D1DF73A921}.Release|ARM.Build.0 = Release|x64
		{90F452CC-0DE7-4A0B-B60A-16D1DF73A921}.Release|ARM64.ActiveCfg = Release|arm64
		{90F452CC-0DE7-4A0B-B60A-16D1DF73A921}.Release|ARM64.Build.0 = Release|arm64
		{90F452CC-0DE7-4A0B-B60A-16D1DF73A921}.Release|x64.ActiveCfg = Release|x64
		{90F452CC-0DE7-4A0B-B60A-16D1DF73A921}.Release|x64.Build.0 = Release|x64
		{90F452CC-0DE7-4A0B-B60A-16D1DF73A921}.Release|x86.ActiveCfg = Release|Win32
		{90F452CC-0DE7-4A0B-B60A-16D1DF73A921}.Release|x86.Build.0 = Release|Win32
		{0A238BD2-3F30-48C9-BA55-A1E242D91471}.Debug|Any CPU.ActiveCfg = Debug|Win32
		{0A238BD2-3F30-48C9-BA55-A1E242D91471}.Debug|Any CPU.Build.0 = Debug|Win32
		{0A238BD2-3F30-48C9-BA55-A1E242D91471}.Debug|ARM.ActiveCfg = Debug|x64
		{0A238BD2-3F30-48C9-BA55-A1E242D91471}.Debug|ARM.Build.0 = Debug|x64
		{0A238BD2-3F30-48C9-BA55-A1E242D91471}.Debug|ARM64.ActiveCfg = Debug|x64
		{0A238BD2-3F30-48C9-BA55-A1E242D91471}.Debug|ARM64.Build.0 = Debug|x64
		{0A238BD2-3F30-48C9-BA55-A1E242D91471}.Debug|x64.ActiveCfg = Debug|x64
		{0A238BD2-3F30-48C9-BA55-A1E242D91471}.Debug|x64.Build.0 = Debug|x64
		{0A238BD2-3F30-48C9-BA55-A1E242D91471}.Debug|x86.ActiveCfg = Debug|Win32
		{0A238BD2-3F30-48C9-BA55-A1E242D91471}.Debug|x86.Build.0 = Debug|Win32
		{0A238BD2-3F30-48C9-BA55-A1E242D91471}.Release|Any CPU.ActiveCfg = Release|Win32
		{0A238BD2-3F30-48C9-BA55-A1E242D91471}.Release|Any CPU.Build.0 = Release|Win32
		{0A238BD2-3F30-48C9-BA55-A1E242D91471}.Release|ARM.ActiveCfg = Release|x64
		{0A238BD2-3F30-48C9-BA55-A1E242D91471}.Release|ARM.Build.0 = Release|x64
		{0A238BD2-3F30-48C9-BA55-A1E242D91471}.Release|ARM64.ActiveCfg = Release|x64
		{0A238BD2-3F30-48C9-BA55-A1E242D91471}.Release|ARM64.Build.0 = Release|x64
		{0A238BD2-3F30-48C9-BA55-A1E242D91471}.Release|x64.ActiveCfg = Release|x64
		{0A238BD2-3F30-48C9-BA55-A1E242D91471}.Release|x64.Build.0 = Release|x64
		{0A238BD2-3F30-48C9-BA55-A1E242D91471}.Release|x86.ActiveCfg = Release|Win32
		{0A238BD2-3F30-48C9-BA55-A1E242D91471}.Release|x86.Build.0 = Release|Win32
	EndGlobalSection
	GlobalSection(SolutionProperties) = preSolution
		HideSolutionNode = FALSE
	EndGlobalSection
	GlobalSection(ExtensibilityGlobals) = postSolution
		SolutionGuid = {53D7D12D-3A6A-468F-B60E-387E584ED4B6}
	EndGlobalSection
EndGlobal
